{
  "name": "guapack",
  "lockfileVersion": 2,
  "requires": true,
  "packages": {
    "": {
      "dependencies": {
        "acorn": "^8.4.1",
        "espree": "^8.0.0"
      }
    },
    "node_modules/acorn": {
      "version": "8.4.1",
      "resolved": "http://npm.maiyuan.online/repository/mnpm-npm/acorn/-/acorn-8.4.1.tgz",
      "integrity": "sha512-asabaBSkEKosYKMITunzX177CXxQ4Q8BSSzMTKD+FefUhipQC70gfW5SiUDhYQ3vk8G+81HqQk7Fv9OXwwn9KA==",
      "license": "MIT",
      "bin": {
        "acorn": "bin/acorn"
      },
      "engines": {
        "node": ">=0.4.0"
      }
    },
    "node_modules/acorn-jsx": {
      "version": "5.3.1",
      "resolved": "http://npm.maiyuan.online/repository/mnpm-npm/acorn-jsx/-/acorn-jsx-5.3.1.tgz",
      "integrity": "sha512-K0Ptm/47OKfQRpNQ2J/oIN/3QYiK6FwW+eJbILhsdxh2WTLdl+30o8aGdTbm5JbffpFFAg/g+zi1E+jvJha5ng==",
      "license": "MIT",
      "peerDependencies": {
        "acorn": "^6.0.0 || ^7.0.0 || ^8.0.0"
      }
    },
    "node_modules/eslint-visitor-keys": {
      "version": "3.0.0",
      "resolved": "http://npm.maiyuan.online/repository/mnpm-npm/eslint-visitor-keys/-/eslint-visitor-keys-3.0.0.tgz",
      "integrity": "sha512-mJOZa35trBTb3IyRmo8xmKBZlxf+N7OnUl4+ZhJHs/r+0770Wh/LEACE2pqMGMe27G/4y8P2bYGk4J70IC5k1Q==",
      "license": "Apache-2.0",
      "engines": {
        "node": "^12.22.0 || ^14.17.0 || >=16.0.0"
      }
    },
    "node_modules/espree": {
      "version": "8.0.0",
      "resolved": "http://npm.maiyuan.online/repository/mnpm-npm/espree/-/espree-8.0.0.tgz",
      "integrity": "sha512-y/+i23dwTjIDJrYCcjcAMr3c3UGbPIjC6THMQKjWmhP97fW0FPiI89kmpKfmgV/5jrkIi6toQP+CMm3qBE1Hig==",
      "license": "BSD-2-Clause",
      "dependencies": {
        "acorn": "^8.4.1",
        "acorn-jsx": "^5.3.1",
        "eslint-visitor-keys": "^3.0.0"
      },
      "engines": {
        "node": "^12.22.0 || ^14.17.0 || >=16.0.0"
      }
    }
  },
  "dependencies": {
    "acorn": {
      "version": "8.4.1",
      "resolved": "http://npm.maiyuan.online/repository/mnpm-npm/acorn/-/acorn-8.4.1.tgz",
      "integrity": "sha512-asabaBSkEKosYKMITunzX177CXxQ4Q8BSSzMTKD+FefUhipQC70gfW5SiUDhYQ3vk8G+81HqQk7Fv9OXwwn9KA=="
    },
    "acorn-jsx": {
      "version": "5.3.1",
      "resolved": "http://npm.maiyuan.online/repository/mnpm-npm/acorn-jsx/-/acorn-jsx-5.3.1.tgz",
      "integrity": "sha512-K0Ptm/47OKfQRpNQ2J/oIN/3QYiK6FwW+eJbILhsdxh2WTLdl+30o8aGdTbm5JbffpFFAg/g+zi1E+jvJha5ng==",
      "requires": {}
    },
    "eslint-visitor-keys": {
      "version": "3.0.0",
      "resolved": "http://npm.maiyuan.online/repository/mnpm-npm/eslint-visitor-keys/-/eslint-visitor-keys-3.0.0.tgz",
      "integrity": "sha512-mJOZa35trBTb3IyRmo8xmKBZlxf+N7OnUl4+ZhJHs/r+0770Wh/LEACE2pqMGMe27G/4y8P2bYGk4J70IC5k1Q=="
    },
    "espree": {
      "version": "8.0.0",
      "resolved": "http://npm.maiyuan.online/repository/mnpm-npm/espree/-/espree-8.0.0.tgz",
      "integrity": "sha512-y/+i23dwTjIDJrYCcjcAMr3c3UGbPIjC6THMQKjWmhP97fW0FPiI89kmpKfmgV/5jrkIi6toQP+CMm3qBE1Hig==",
      "requires": {
        "acorn": "^8.4.1",
        "acorn-jsx": "^5.3.1",
        "eslint-visitor-keys": "^3.0.0"
      }
    }
  }
}
